
Microsoft Visual Studio Solution File, Format Version 12.00
# Visual Studio 14
VisualStudioVersion = 14.0.25420.1
MinimumVisualStudioVersion = 10.0.40219.1
Project("{FAE04EC0-301F-11D3-BF4B-00C04F79EFBC}") = "Opgave01", "Opgave01\Opgave01.csproj", "{1DA85377-E098-4EE1-81FD-24A3EE34B4F1}"
EndProject
Project("{FAE04EC0-301F-11D3-BF4B-00C04F79EFBC}") = "Opgave02", "Opgave02\Opgave02.csproj", "{BA10956A-FE62-4231-A92D-DAF757FD5492}"
EndProject
Project("{FAE04EC0-301F-11D3-BF4B-00C04F79EFBC}") = "Opgave03", "Opgave03\Opgave03.csproj", "{23357EA0-5571-4303-8C5D-F28B5C55AA9A}"
EndProject
Global
	GlobalSection(SolutionConfigurationPlatforms) = preSolution
		Debug|Any CPU = Debug|Any CPU
		Release|Any CPU = Release|Any CPU
	EndGlobalSection
	GlobalSection(ProjectConfigurationPlatforms) = postSolution
		{1DA85377-E098-4EE1-81FD-24A3EE34B4F1}.Debug|Any CPU.ActiveCfg = Debug|Any CPU
		{1DA85377-E098-4EE1-81FD-24A3EE34B4F1}.Debug|Any CPU.Build.0 = Debug|Any CPU
		{1DA85377-E098-4EE1-81FD-24A3EE34B4F1}.Release|Any CPU.ActiveCfg = Release|Any CPU
		{1DA85377-E098-4EE1-81FD-24A3EE34B4F1}.Release|Any CPU.Build.0 = Release|Any CPU
		{BA10956A-FE62-4231-A92D-DAF757FD5492}.Debug|Any CPU.ActiveCfg = Debug|Any CPU
		{BA10956A-FE62-4231-A92D-DAF757FD5492}.Debug|Any CPU.Build.0 = Debug|Any CPU
		{BA10956A-FE62-4231-A92D-DAF757FD5492}.Release|Any CPU.ActiveCfg = Release|Any CPU
		{BA10956A-FE62-4231-A92D-DAF757FD5492}.Release|Any CPU.Build.0 = Release|Any CPU
		{23357EA0-5571-4303-8C5D-F28B5C55AA9A}.Debug|Any CPU.ActiveCfg = Debug|Any CPU
		{23357EA0-5571-4303-8C5D-F28B5C55AA9A}.Debug|Any CPU.Build.0 = Debug|Any CPU
		{23357EA0-5571-4303-8C5D-F28B5C55AA9A}.Release|Any CPU.ActiveCfg = Release|Any CPU
		{23357EA0-5571-4303-8C5D-F28B5C55AA9A}.Release|Any CPU.Build.0 = Release|Any CPU
	EndGlobalSection
	GlobalSection(SolutionProperties) = preSolution
		HideSolutionNode = FALSE
	EndGlobalSection
EndGlobal
